
Microsoft Visual Studio Solution File, Format Version 12.00
# Visual Studio Version 17
VisualStudioVersion = 17.2.32616.157
MinimumVisualStudioVersion = 10.0.40219.1
Project("{FAE04EC0-301F-11D3-BF4B-00C04F79EFBC}") = "02 Simple txt editor", "02 Simple txt editor.csproj", "{058B212D-B4CF-4A3E-B282-ED1845EE7533}"
EndProject
Global
	GlobalSection(SolutionConfigurationPlatforms) = preSolution
		Debug|Any CPU = Debug|Any CPU
		Release|Any CPU = Release|Any CPU
	EndGlobalSection
	GlobalSection(ProjectConfigurationPlatforms) = postSolution
		{058B212D-B4CF-4A3E-B282-ED1845EE7533}.Debug|Any CPU.ActiveCfg = Debug|Any CPU
		{058B212D-B4CF-4A3E-B282-ED1845EE7533}.Debug|Any CPU.Build.0 = Debug|Any CPU
		{058B212D-B4CF-4A3E-B282-ED1845EE7533}.Release|Any CPU.ActiveCfg = Release|Any CPU
		{058B212D-B4CF-4A3E-B282-ED1845EE7533}.Release|Any CPU.Build.0 = Release|Any CPU
	EndGlobalSection
	GlobalSection(SolutionProperties) = preSolution
		HideSolutionNode = FALSE
	EndGlobalSection
	GlobalSection(ExtensibilityGlobals) = postSolution
		SolutionGuid = {9157AD3D-0F53-49F7-8687-45CE6672121A}
	EndGlobalSection
EndGlobal
